
Microsoft Visual Studio Solution File, Format Version 12.00
# Visual Studio Version 17
VisualStudioVersion = 17.3.32901.215
MinimumVisualStudioVersion = 10.0.40219.1
Project("{9A19103F-16F7-4668-BE54-9A1E7A4F7556}") = "Library Domain", "Library Domain\Library Domain.csproj", "{00B6550C-2D7F-43FD-AE42-25E31C1C7B21}"
EndProject
Project("{9A19103F-16F7-4668-BE54-9A1E7A4F7556}") = "LibraryApp", "LIbraryApp\LibraryApp.csproj", "{12B792B2-8575-4E06-A1F6-B6E35EB4476E}"
EndProject
Project("{9A19103F-16F7-4668-BE54-9A1E7A4F7556}") = "LibraryDataAccess", "LibraryDataAccess\LibraryDataAccess.csproj", "{31C92C3C-90A9-490D-8924-96FEE134AA1B}"
EndProject
Global
	GlobalSection(SolutionConfigurationPlatforms) = preSolution
		Debug|Any CPU = Debug|Any CPU
		Release|Any CPU = Release|Any CPU
	EndGlobalSection
	GlobalSection(ProjectConfigurationPlatforms) = postSolution
		{00B6550C-2D7F-43FD-AE42-25E31C1C7B21}.Debug|Any CPU.ActiveCfg = Debug|Any CPU
		{00B6550C-2D7F-43FD-AE42-25E31C1C7B21}.Debug|Any CPU.Build.0 = Debug|Any CPU
		{00B6550C-2D7F-43FD-AE42-25E31C1C7B21}.Release|Any CPU.ActiveCfg = Release|Any CPU
		{00B6550C-2D7F-43FD-AE42-25E31C1C7B21}.Release|Any CPU.Build.0 = Release|Any CPU
		{12B792B2-8575-4E06-A1F6-B6E35EB4476E}.Debug|Any CPU.ActiveCfg = Debug|Any CPU
		{12B792B2-8575-4E06-A1F6-B6E35EB4476E}.Debug|Any CPU.Build.0 = Debug|Any CPU
		{12B792B2-8575-4E06-A1F6-B6E35EB4476E}.Release|Any CPU.ActiveCfg = Release|Any CPU
		{12B792B2-8575-4E06-A1F6-B6E35EB4476E}.Release|Any CPU.Build.0 = Release|Any CPU
		{31C92C3C-90A9-490D-8924-96FEE134AA1B}.Debug|Any CPU.ActiveCfg = Debug|Any CPU
		{31C92C3C-90A9-490D-8924-96FEE134AA1B}.Debug|Any CPU.Build.0 = Debug|Any CPU
		{31C92C3C-90A9-490D-8924-96FEE134AA1B}.Release|Any CPU.ActiveCfg = Release|Any CPU
		{31C92C3C-90A9-490D-8924-96FEE134AA1B}.Release|Any CPU.Build.0 = Release|Any CPU
	EndGlobalSection
	GlobalSection(SolutionProperties) = preSolution
		HideSolutionNode = FALSE
	EndGlobalSection
	GlobalSection(ExtensibilityGlobals) = postSolution
		SolutionGuid = {C8B75ACA-1E9E-40F1-B4D0-EF7D6FCF764E}
	EndGlobalSection
EndGlobal
